github.com/icza/gox v0.2.0 h1:+0N8PCt9/QSx+k0dqe/wdlXJNR/haaPsPwrTJTNDeyk=
github.com/icza/gox v0.2.0/go.mod h1:rVecw5Q6POJAWBcXgCZdAtwK/hmoNehxCkAP3sMnOIc=
golang.org/x/text v0.27.0 h1:4fGWRpyh641NLlecmyl4LOe6yDdfaYNrGb2zdfo4JV4=
golang.org/x/text v0.27.0/go.mod h1:1D28KMCvyooCX9hBiosv5Tz/+YLxj0j7XhWjpSUF7CU=
