github.com/icza/gox v0.2.0 h1:+0N8PCt9/QSx+k0dqe/wdlXJNR/haaPsPwrTJTNDeyk=
github.com/icza/gox v0.2.0/go.mod h1:rVecw5Q6POJAWBcXgCZdAtwK/hmoNehxCkAP3sMnOIc=
golang.org/x/text v0.25.0 h1:qVyWApTSYLk/drJRO5mDlNYskwQznZmkpV2c8q9zls4=
golang.org/x/text v0.25.0/go.mod h1:WEdwpYrmk1qmdHvhkSTNPm3app7v4rsT8F2UD6+VHIA=
